
Microsoft Visual Studio Solution File, Format Version 12.00
# Visual Studio Version 16
VisualStudioVersion = 16.0.33801.447
MinimumVisualStudioVersion = 10.0.40219.1
Project("{FAE04EC0-301F-11D3-BF4B-00C04F79EFBC}") = "MVC_Estudo", "MVC_Estudo\MVC_Estudo.csproj", "{5757F874-F008-4BAE-A31A-7540C5BC870E}"
EndProject
Global
	GlobalSection(SolutionConfigurationPlatforms) = preSolution
		Debug|Any CPU = Debug|Any CPU
		Release|Any CPU = Release|Any CPU
	EndGlobalSection
	GlobalSection(ProjectConfigurationPlatforms) = postSolution
		{5757F874-F008-4BAE-A31A-7540C5BC870E}.Debug|Any CPU.ActiveCfg = Debug|Any CPU
		{5757F874-F008-4BAE-A31A-7540C5BC870E}.Debug|Any CPU.Build.0 = Debug|Any CPU
		{5757F874-F008-4BAE-A31A-7540C5BC870E}.Release|Any CPU.ActiveCfg = Release|Any CPU
		{5757F874-F008-4BAE-A31A-7540C5BC870E}.Release|Any CPU.Build.0 = Release|Any CPU
	EndGlobalSection
	GlobalSection(SolutionProperties) = preSolution
		HideSolutionNode = FALSE
	EndGlobalSection
	GlobalSection(ExtensibilityGlobals) = postSolution
		SolutionGuid = {2BFE23C9-F74F-4D95-9CB5-94117F3D1253}
	EndGlobalSection
EndGlobal
